
Microsoft Visual Studio Solution File, Format Version 12.00
# Visual Studio 15
VisualStudioVersion = 15.0.28010.2050
MinimumVisualStudioVersion = 10.0.40219.1
Project("{FAE04EC0-301F-11D3-BF4B-00C04F79EFBC}") = "HandlingCustomEditorValue.Android", "HandlingCustomEditorValue\HandlingCustomEditorValue.Android\HandlingCustomEditorValue.Android.csproj", "{FE2DA03F-6AEE-447C-86BD-5C67A484B1CA}"
EndProject
Project("{FAE04EC0-301F-11D3-BF4B-00C04F79EFBC}") = "HandlingCustomEditorValue.iOS", "HandlingCustomEditorValue\HandlingCustomEditorValue.iOS\HandlingCustomEditorValue.iOS.csproj", "{316B4AFE-A719-4F04-90B0-844CD55865E7}"
EndProject
Project("{FAE04EC0-301F-11D3-BF4B-00C04F79EFBC}") = "HandlingCustomEditorValue.UWP", "HandlingCustomEditorValue\HandlingCustomEditorValue.UWP\HandlingCustomEditorValue.UWP.csproj", "{E9712888-327E-4046-BACF-33188BDAC8F3}"
EndProject
Project("{FAE04EC0-301F-11D3-BF4B-00C04F79EFBC}") = "HandlingCustomEditorValue", "HandlingCustomEditorValue\HandlingCustomEditorValue\HandlingCustomEditorValue.csproj", "{C9E17C30-FA81-422B-8B98-80C46843ECB2}"
EndProject
Global
	GlobalSection(SolutionConfigurationPlatforms) = preSolution
		Ad-Hoc|Any CPU = Ad-Hoc|Any CPU
		Ad-Hoc|ARM = Ad-Hoc|ARM
		Ad-Hoc|iPhone = Ad-Hoc|iPhone
		Ad-Hoc|iPhoneSimulator = Ad-Hoc|iPhoneSimulator
		Ad-Hoc|x64 = Ad-Hoc|x64
		Ad-Hoc|x86 = Ad-Hoc|x86
		AppStore|Any CPU = AppStore|Any CPU
		AppStore|ARM = AppStore|ARM
		AppStore|iPhone = AppStore|iPhone
		AppStore|iPhoneSimulator = AppStore|iPhoneSimulator
		AppStore|x64 = AppStore|x64
		AppStore|x86 = AppStore|x86
		Debug|Any CPU = Debug|Any CPU
		Debug|ARM = Debug|ARM
		Debug|iPhone = Debug|iPhone
		Debug|iPhoneSimulator = Debug|iPhoneSimulator
		Debug|x64 = Debug|x64
		Debug|x86 = Debug|x86
		Release|Any CPU = Release|Any CPU
		Release|ARM = Release|ARM
		Release|iPhone = Release|iPhone
		Release|iPhoneSimulator = Release|iPhoneSimulator
		Release|x64 = Release|x64
		Release|x86 = Release|x86
	EndGlobalSection
	GlobalSection(ProjectConfigurationPlatforms) = postSolution
		{FE2DA03F-6AEE-447C-86BD-5C67A484B1CA}.Ad-Hoc|Any CPU.ActiveCfg = Release|Any CPU
		{FE2DA03F-6AEE-447C-86BD-5C67A484B1CA}.Ad-Hoc|Any CPU.Build.0 = Release|Any CPU
		{FE2DA03F-6AEE-447C-86BD-5C67A484B1CA}.Ad-Hoc|Any CPU.Deploy.0 = Release|Any CPU
		{FE2DA03F-6AEE-447C-86BD-5C67A484B1CA}.Ad-Hoc|ARM.ActiveCfg = Release|Any CPU
		{FE2DA03F-6AEE-447C-86BD-5C67A484B1CA}.Ad-Hoc|ARM.Build.0 = Release|Any CPU
		{FE2DA03F-6AEE-447C-86BD-5C67A484B1CA}.Ad-Hoc|ARM.Deploy.0 = Release|Any CPU
		{FE2DA03F-6AEE-447C-86BD-5C67A484B1CA}.Ad-Hoc|iPhone.ActiveCfg = Release|Any CPU
		{FE2DA03F-6AEE-447C-86BD-5C67A484B1CA}.Ad-Hoc|iPhone.Build.0 = Release|Any CPU
		{FE2DA03F-6AEE-447C-86BD-5C67A484B1CA}.Ad-Hoc|iPhone.Deploy.0 = Release|Any CPU
		{FE2DA03F-6AEE-447C-86BD-5C67A484B1CA}.Ad-Hoc|iPhoneSimulator.ActiveCfg = Release|Any CPU
		{FE2DA03F-6AEE-447C-86BD-5C67A484B1CA}.Ad-Hoc|iPhoneSimulator.Build.0 = Release|Any CPU
		{FE2DA03F-6AEE-447C-86BD-5C67A484B1CA}.Ad-Hoc|iPhoneSimulator.Deploy.0 = Release|Any CPU
		{FE2DA03F-6AEE-447C-86BD-5C67A484B1CA}.Ad-Hoc|x64.ActiveCfg = Release|Any CPU
		{FE2DA03F-6AEE-447C-86BD-5C67A484B1CA}.Ad-Hoc|x64.Build.0 = Release|Any CPU
		{FE2DA03F-6AEE-447C-86BD-5C67A484B1CA}.Ad-Hoc|x64.Deploy.0 = Release|Any CPU
		{FE2DA03F-6AEE-447C-86BD-5C67A484B1CA}.Ad-Hoc|x86.ActiveCfg = Release|Any CPU
		{FE2DA03F-6AEE-447C-86BD-5C67A484B1CA}.Ad-Hoc|x86.Build.0 = Release|Any CPU
		{FE2DA03F-6AEE-447C-86BD-5C67A484B1CA}.Ad-Hoc|x86.Deploy.0 = Release|Any CPU
		{FE2DA03F-6AEE-447C-86BD-5C67A484B1CA}.AppStore|Any CPU.ActiveCfg = Release|Any CPU
		{FE2DA03F-6AEE-447C-86BD-5C67A484B1CA}.AppStore|Any CPU.Build.0 = Release|Any CPU
		{FE2DA03F-6AEE-447C-86BD-5C67A484B1CA}.AppStore|Any CPU.Deploy.0 = Release|Any CPU
		{FE2DA03F-6AEE-447C-86BD-5C67A484B1CA}.AppStore|ARM.ActiveCfg = Release|Any CPU
		{FE2DA03F-6AEE-447C-86BD-5C67A484B1CA}.AppStore|ARM.Build.0 = Release|Any CPU
		{FE2DA03F-6AEE-447C-86BD-5C67A484B1CA}.AppStore|ARM.Deploy.0 = Release|Any CPU
		{FE2DA03F-6AEE-447C-86BD-5C67A484B1CA}.AppStore|iPhone.ActiveCfg = Release|Any CPU
		{FE2DA03F-6AEE-447C-86BD-5C67A484B1CA}.AppStore|iPhone.Build.0 = Release|Any CPU
		{FE2DA03F-6AEE-447C-86BD-5C67A484B1CA}.AppStore|iPhone.Deploy.0 = Release|Any CPU
		{FE2DA03F-6AEE-447C-86BD-5C67A484B1CA}.AppStore|iPhoneSimulator.ActiveCfg = Release|Any CPU
		{FE2DA03F-6AEE-447C-86BD-5C67A484B1CA}.AppStore|iPhoneSimulator.Build.0 = Release|Any CPU
		{FE2DA03F-6AEE-447C-86BD-5C67A484B1CA}.AppStore|iPhoneSimulator.Deploy.0 = Release|Any CPU
		{FE2DA03F-6AEE-447C-86BD-5C67A484B1CA}.AppStore|x64.ActiveCfg = Release|Any CPU
		{FE2DA03F-6AEE-447C-86BD-5C67A484B1CA}.AppStore|x64.Build.0 = Release|Any CPU
		{FE2DA03F-6AEE-447C-86BD-5C67A484B1CA}.AppStore|x64.Deploy.0 = Release|Any CPU
		{FE2DA03F-6AEE-447C-86BD-5C67A484B1CA}.AppStore|x86.ActiveCfg = Release|Any CPU
		{FE2DA03F-6AEE-447C-86BD-5C67A484B1CA}.AppStore|x86.Build.0 = Release|Any CPU
		{FE2DA03F-6AEE-447C-86BD-5C67A484B1CA}.AppStore|x86.Deploy.0 = Release|Any CPU
		{FE2DA03F-6AEE-447C-86BD-5C67A484B1CA}.Debug|Any CPU.ActiveCfg = Debug|Any CPU
		{FE2DA03F-6AEE-447C-86BD-5C67A484B1CA}.Debug|Any CPU.Build.0 = Debug|Any CPU
		{FE2DA03F-6AEE-447C-86BD-5C67A484B1CA}.Debug|Any CPU.Deploy.0 = Debug|Any CPU
		{FE2DA03F-6AEE-447C-86BD-5C67A484B1CA}.Debug|ARM.ActiveCfg = Debug|Any CPU
		{FE2DA03F-6AEE-447C-86BD-5C67A484B1CA}.Debug|ARM.Build.0 = Debug|Any CPU
		{FE2DA03F-6AEE-447C-86BD-5C67A484B1CA}.Debug|ARM.Deploy.0 = Debug|Any CPU
		{FE2DA03F-6AEE-447C-86BD-5C67A484B1CA}.Debug|iPhone.ActiveCfg = Debug|Any CPU
		{FE2DA03F-6AEE-447C-86BD-5C67A484B1CA}.Debug|iPhone.Build.0 = Debug|Any CPU
		{FE2DA03F-6AEE-447C-86BD-5C67A484B1CA}.Debug|iPhone.Deploy.0 = Debug|Any CPU
		{FE2DA03F-6AEE-447C-86BD-5C67A484B1CA}.Debug|iPhoneSimulator.ActiveCfg = Debug|Any CPU
		{FE2DA03F-6AEE-447C-86BD-5C67A484B1CA}.Debug|iPhoneSimulator.Build.0 = Debug|Any CPU
		{FE2DA03F-6AEE-447C-86BD-5C67A484B1CA}.Debug|iPhoneSimulator.Deploy.0 = Debug|Any CPU
		{FE2DA03F-6AEE-447C-86BD-5C67A484B1CA}.Debug|x64.ActiveCfg = Debug|Any CPU
		{FE2DA03F-6AEE-447C-86BD-5C67A484B1CA}.Debug|x64.Build.0 = Debug|Any CPU
		{FE2DA03F-6AEE-447C-86BD-5C67A484B1CA}.Debug|x64.Deploy.0 = Debug|Any CPU
		{FE2DA03F-6AEE-447C-86BD-5C67A484B1CA}.Debug|x86.ActiveCfg = Debug|Any CPU
		{FE2DA03F-6AEE-447C-86BD-5C67A484B1CA}.Debug|x86.Build.0 = Debug|Any CPU
		{FE2DA03F-6AEE-447C-86BD-5C67A484B1CA}.Debug|x86.Deploy.0 = Debug|Any CPU
		{FE2DA03F-6AEE-447C-86BD-5C67A484B1CA}.Release|Any CPU.ActiveCfg = Release|Any CPU
		{FE2DA03F-6AEE-447C-86BD-5C67A484B1CA}.Release|Any CPU.Build.0 = Release|Any CPU
		{FE2DA03F-6AEE-447C-86BD-5C67A484B1CA}.Release|Any CPU.Deploy.0 = Release|Any CPU
		{FE2DA03F-6AEE-447C-86BD-5C67A484B1CA}.Release|ARM.ActiveCfg = Release|Any CPU
		{FE2DA03F-6AEE-447C-86BD-5C67A484B1CA}.Release|ARM.Build.0 = Release|Any CPU
		{FE2DA03F-6AEE-447C-86BD-5C67A484B1CA}.Release|ARM.Deploy.0 = Release|Any CPU
		{FE2DA03F-6AEE-447C-86BD-5C67A484B1CA}.Release|iPhone.ActiveCfg = Release|Any CPU
		{FE2DA03F-6AEE-447C-86BD-5C67A484B1CA}.Release|iPhone.Build.0 = Release|Any CPU
		{FE2DA03F-6AEE-447C-86BD-5C67A484B1CA}.Release|iPhone.Deploy.0 = Release|Any CPU
		{FE2DA03F-6AEE-447C-86BD-5C67A484B1CA}.Release|iPhoneSimulator.ActiveCfg = Release|Any CPU
		{FE2DA03F-6AEE-447C-86BD-5C67A484B1CA}.Release|iPhoneSimulator.Build.0 = Release|Any CPU
		{FE2DA03F-6AEE-447C-86BD-5C67A484B1CA}.Release|iPhoneSimulator.Deploy.0 = Release|Any CPU
		{FE2DA03F-6AEE-447C-86BD-5C67A484B1CA}.Release|x64.ActiveCfg = Release|Any CPU
		{FE2DA03F-6AEE-447C-86BD-5C67A484B1CA}.Release|x64.Build.0 = Release|Any CPU
		{FE2DA03F-6AEE-447C-86BD-5C67A484B1CA}.Release|x64.Deploy.0 = Release|Any CPU
		{FE2DA03F-6AEE-447C-86BD-5C67A484B1CA}.Release|x86.ActiveCfg = Release|Any CPU
		{FE2DA03F-6AEE-447C-86BD-5C67A484B1CA}.Release|x86.Build.0 = Release|Any CPU
		{FE2DA03F-6AEE-447C-86BD-5C67A484B1CA}.Release|x86.Deploy.0 = Release|Any CPU
		{316B4AFE-A719-4F04-90B0-844CD55865E7}.Ad-Hoc|Any CPU.ActiveCfg = Ad-Hoc|iPhone
		{316B4AFE-A719-4F04-90B0-844CD55865E7}.Ad-Hoc|Any CPU.Build.0 = Ad-Hoc|iPhone
		{316B4AFE-A719-4F04-90B0-844CD55865E7}.Ad-Hoc|Any CPU.Deploy.0 = Ad-Hoc|iPhone
		{316B4AFE-A719-4F04-90B0-844CD55865E7}.Ad-Hoc|ARM.ActiveCfg = Ad-Hoc|iPhone
		{316B4AFE-A719-4F04-90B0-844CD55865E7}.Ad-Hoc|ARM.Build.0 = Ad-Hoc|iPhone
		{316B4AFE-A719-4F04-90B0-844CD55865E7}.Ad-Hoc|ARM.Deploy.0 = Ad-Hoc|iPhone
		{316B4AFE-A719-4F04-90B0-844CD55865E7}.Ad-Hoc|iPhone.ActiveCfg = Ad-Hoc|iPhone
		{316B4AFE-A719-4F04-90B0-844CD55865E7}.Ad-Hoc|iPhone.Build.0 = Ad-Hoc|iPhone
		{316B4AFE-A719-4F04-90B0-844CD55865E7}.Ad-Hoc|iPhone.Deploy.0 = Ad-Hoc|iPhone
		{316B4AFE-A719-4F04-90B0-844CD55865E7}.Ad-Hoc|iPhoneSimulator.ActiveCfg = Ad-Hoc|iPhoneSimulator
		{316B4AFE-A719-4F04-90B0-844CD55865E7}.Ad-Hoc|iPhoneSimulator.Build.0 = Ad-Hoc|iPhoneSimulator
		{316B4AFE-A719-4F04-90B0-844CD55865E7}.Ad-Hoc|iPhoneSimulator.Deploy.0 = Ad-Hoc|iPhoneSimulator
		{316B4AFE-A719-4F04-90B0-844CD55865E7}.Ad-Hoc|x64.ActiveCfg = Ad-Hoc|iPhone
		{316B4AFE-A719-4F04-90B0-844CD55865E7}.Ad-Hoc|x64.Build.0 = Ad-Hoc|iPhone
		{316B4AFE-A719-4F04-90B0-844CD55865E7}.Ad-Hoc|x64.Deploy.0 = Ad-Hoc|iPhone
		{316B4AFE-A719-4F04-90B0-844CD55865E7}.Ad-Hoc|x86.ActiveCfg = Ad-Hoc|iPhone
		{316B4AFE-A719-4F04-90B0-844CD55865E7}.Ad-Hoc|x86.Build.0 = Ad-Hoc|iPhone
		{316B4AFE-A719-4F04-90B0-844CD55865E7}.Ad-Hoc|x86.Deploy.0 = Ad-Hoc|iPhone
		{316B4AFE-A719-4F04-90B0-844CD55865E7}.AppStore|Any CPU.ActiveCfg = AppStore|iPhone
		{316B4AFE-A719-4F04-90B0-844CD55865E7}.AppStore|Any CPU.Build.0 = AppStore|iPhone
		{316B4AFE-A719-4F04-90B0-844CD55865E7}.AppStore|Any CPU.Deploy.0 = AppStore|iPhone
		{316B4AFE-A719-4F04-90B0-844CD55865E7}.AppStore|ARM.ActiveCfg = AppStore|iPhone
		{316B4AFE-A719-4F04-90B0-844CD55865E7}.AppStore|ARM.Build.0 = AppStore|iPhone
		{316B4AFE-A719-4F04-90B0-844CD55865E7}.AppStore|ARM.Deploy.0 = AppStore|iPhone
		{316B4AFE-A719-4F04-90B0-844CD55865E7}.AppStore|iPhone.ActiveCfg = AppStore|iPhone
		{316B4AFE-A719-4F04-90B0-844CD55865E7}.AppStore|iPhone.Build.0 = AppStore|iPhone
		{316B4AFE-A719-4F04-90B0-844CD55865E7}.AppStore|iPhone.Deploy.0 = AppStore|iPhone
		{316B4AFE-A719-4F04-90B0-844CD55865E7}.AppStore|iPhoneSimulator.ActiveCfg = AppStore|iPhoneSimulator
		{316B4AFE-A719-4F04-90B0-844CD55865E7}.AppStore|iPhoneSimulator.Build.0 = AppStore|iPhoneSimulator
		{316B4AFE-A719-4F04-90B0-844CD55865E7}.AppStore|iPhoneSimulator.Deploy.0 = AppStore|iPhoneSimulator
		{316B4AFE-A719-4F04-90B0-844CD55865E7}.AppStore|x64.ActiveCfg = AppStore|iPhone
		{316B4AFE-A719-4F04-90B0-844CD55865E7}.AppStore|x64.Build.0 = AppStore|iPhone
		{316B4AFE-A719-4F04-90B0-844CD55865E7}.AppStore|x64.Deploy.0 = AppStore|iPhone
		{316B4AFE-A719-4F04-90B0-844CD55865E7}.AppStore|x86.ActiveCfg = AppStore|iPhone
		{316B4AFE-A719-4F04-90B0-844CD55865E7}.AppStore|x86.Build.0 = AppStore|iPhone
		{316B4AFE-A719-4F04-90B0-844CD55865E7}.AppStore|x86.Deploy.0 = AppStore|iPhone
		{316B4AFE-A719-4F04-90B0-844CD55865E7}.Debug|Any CPU.ActiveCfg = Debug|iPhoneSimulator
		{316B4AFE-A719-4F04-90B0-844CD55865E7}.Debug|Any CPU.Build.0 = Debug|iPhoneSimulator
		{316B4AFE-A719-4F04-90B0-844CD55865E7}.Debug|Any CPU.Deploy.0 = Debug|iPhoneSimulator
		{316B4AFE-A719-4F04-90B0-844CD55865E7}.Debug|ARM.ActiveCfg = Debug|iPhone
		{316B4AFE-A719-4F04-90B0-844CD55865E7}.Debug|ARM.Build.0 = Debug|iPhone
		{316B4AFE-A719-4F04-90B0-844CD55865E7}.Debug|ARM.Deploy.0 = Debug|iPhone
		{316B4AFE-A719-4F04-90B0-844CD55865E7}.Debug|iPhone.ActiveCfg = Debug|iPhone
		{316B4AFE-A719-4F04-90B0-844CD55865E7}.Debug|iPhone.Build.0 = Debug|iPhone
		{316B4AFE-A719-4F04-90B0-844CD55865E7}.Debug|iPhone.Deploy.0 = Debug|iPhone
		{316B4AFE-A719-4F04-90B0-844CD55865E7}.Debug|iPhoneSimulator.ActiveCfg = Debug|iPhoneSimulator
		{316B4AFE-A719-4F04-90B0-844CD55865E7}.Debug|iPhoneSimulator.Build.0 = Debug|iPhoneSimulator
		{316B4AFE-A719-4F04-90B0-844CD55865E7}.Debug|iPhoneSimulator.Deploy.0 = Debug|iPhoneSimulator
		{316B4AFE-A719-4F04-90B0-844CD55865E7}.Debug|x64.ActiveCfg = Debug|iPhone
		{316B4AFE-A719-4F04-90B0-844CD55865E7}.Debug|x64.Build.0 = Debug|iPhone
		{316B4AFE-A719-4F04-90B0-844CD55865E7}.Debug|x64.Deploy.0 = Debug|iPhone
		{316B4AFE-A719-4F04-90B0-844CD55865E7}.Debug|x86.ActiveCfg = Debug|iPhone
		{316B4AFE-A719-4F04-90B0-844CD55865E7}.Debug|x86.Build.0 = Debug|iPhone
		{316B4AFE-A719-4F04-90B0-844CD55865E7}.Debug|x86.Deploy.0 = Debug|iPhone
		{316B4AFE-A719-4F04-90B0-844CD55865E7}.Release|Any CPU.ActiveCfg = Release|iPhone
		{316B4AFE-A719-4F04-90B0-844CD55865E7}.Release|Any CPU.Build.0 = Release|iPhone
		{316B4AFE-A719-4F04-90B0-844CD55865E7}.Release|Any CPU.Deploy.0 = Release|iPhone
		{316B4AFE-A719-4F04-90B0-844CD55865E7}.Release|ARM.ActiveCfg = Release|iPhone
		{316B4AFE-A719-4F04-90B0-844CD55865E7}.Release|ARM.Build.0 = Release|iPhone
		{316B4AFE-A719-4F04-90B0-844CD55865E7}.Release|ARM.Deploy.0 = Release|iPhone
		{316B4AFE-A719-4F04-90B0-844CD55865E7}.Release|iPhone.ActiveCfg = Release|iPhone
		{316B4AFE-A719-4F04-90B0-844CD55865E7}.Release|iPhone.Build.0 = Release|iPhone
		{316B4AFE-A719-4F04-90B0-844CD55865E7}.Release|iPhone.Deploy.0 = Release|iPhone
		{316B4AFE-A719-4F04-90B0-844CD55865E7}.Release|iPhoneSimulator.ActiveCfg = Release|iPhoneSimulator
		{316B4AFE-A719-4F04-90B0-844CD55865E7}.Release|iPhoneSimulator.Build.0 = Release|iPhoneSimulator
		{316B4AFE-A719-4F04-90B0-844CD55865E7}.Release|iPhoneSimulator.Deploy.0 = Release|iPhoneSimulator
		{316B4AFE-A719-4F04-90B0-844CD55865E7}.Release|x64.ActiveCfg = Release|iPhone
		{316B4AFE-A719-4F04-90B0-844CD55865E7}.Release|x64.Build.0 = Release|iPhone
		{316B4AFE-A719-4F04-90B0-844CD55865E7}.Release|x64.Deploy.0 = Release|iPhone
		{316B4AFE-A719-4F04-90B0-844CD55865E7}.Release|x86.ActiveCfg = Release|iPhone
		{316B4AFE-A719-4F04-90B0-844CD55865E7}.Release|x86.Build.0 = Release|iPhone
		{316B4AFE-A719-4F04-90B0-844CD55865E7}.Release|x86.Deploy.0 = Release|iPhone
		{E9712888-327E-4046-BACF-33188BDAC8F3}.Ad-Hoc|Any CPU.ActiveCfg = Release|x86
		{E9712888-327E-4046-BACF-33188BDAC8F3}.Ad-Hoc|Any CPU.Build.0 = Release|x86
		{E9712888-327E-4046-BACF-33188BDAC8F3}.Ad-Hoc|Any CPU.Deploy.0 = Release|x86
		{E9712888-327E-4046-BACF-33188BDAC8F3}.Ad-Hoc|ARM.ActiveCfg = Release|ARM
		{E9712888-327E-4046-BACF-33188BDAC8F3}.Ad-Hoc|ARM.Build.0 = Release|ARM
		{E9712888-327E-4046-BACF-33188BDAC8F3}.Ad-Hoc|ARM.Deploy.0 = Release|ARM
		{E9712888-327E-4046-BACF-33188BDAC8F3}.Ad-Hoc|iPhone.ActiveCfg = Release|x86
		{E9712888-327E-4046-BACF-33188BDAC8F3}.Ad-Hoc|iPhone.Build.0 = Release|x86
		{E9712888-327E-4046-BACF-33188BDAC8F3}.Ad-Hoc|iPhone.Deploy.0 = Release|x86
		{E9712888-327E-4046-BACF-33188BDAC8F3}.Ad-Hoc|iPhoneSimulator.ActiveCfg = Release|x86
		{E9712888-327E-4046-BACF-33188BDAC8F3}.Ad-Hoc|iPhoneSimulator.Build.0 = Release|x86
		{E9712888-327E-4046-BACF-33188BDAC8F3}.Ad-Hoc|iPhoneSimulator.Deploy.0 = Release|x86
		{E9712888-327E-4046-BACF-33188BDAC8F3}.Ad-Hoc|x64.ActiveCfg = Release|x64
		{E9712888-327E-4046-BACF-33188BDAC8F3}.Ad-Hoc|x64.Build.0 = Release|x64
		{E9712888-327E-4046-BACF-33188BDAC8F3}.Ad-Hoc|x64.Deploy.0 = Release|x64
		{E9712888-327E-4046-BACF-33188BDAC8F3}.Ad-Hoc|x86.ActiveCfg = Release|x86
		{E9712888-327E-4046-BACF-33188BDAC8F3}.Ad-Hoc|x86.Build.0 = Release|x86
		{E9712888-327E-4046-BACF-33188BDAC8F3}.Ad-Hoc|x86.Deploy.0 = Release|x86
		{E9712888-327E-4046-BACF-33188BDAC8F3}.AppStore|Any CPU.ActiveCfg = Release|x86
		{E9712888-327E-4046-BACF-33188BDAC8F3}.AppStore|Any CPU.Build.0 = Release|x86
		{E9712888-327E-4046-BACF-33188BDAC8F3}.AppStore|Any CPU.Deploy.0 = Release|x86
		{E9712888-327E-4046-BACF-33188BDAC8F3}.AppStore|ARM.ActiveCfg = Release|ARM
		{E9712888-327E-4046-BACF-33188BDAC8F3}.AppStore|ARM.Build.0 = Release|ARM
		{E9712888-327E-4046-BACF-33188BDAC8F3}.AppStore|ARM.Deploy.0 = Release|ARM
		{E9712888-327E-4046-BACF-33188BDAC8F3}.AppStore|iPhone.ActiveCfg = Release|x86
		{E9712888-327E-4046-BACF-33188BDAC8F3}.AppStore|iPhone.Build.0 = Release|x86
		{E9712888-327E-4046-BACF-33188BDAC8F3}.AppStore|iPhone.Deploy.0 = Release|x86
		{E9712888-327E-4046-BACF-33188BDAC8F3}.AppStore|iPhoneSimulator.ActiveCfg = Release|x86
		{E9712888-327E-4046-BACF-33188BDAC8F3}.AppStore|iPhoneSimulator.Build.0 = Release|x86
		{E9712888-327E-4046-BACF-33188BDAC8F3}.AppStore|iPhoneSimulator.Deploy.0 = Release|x86
		{E9712888-327E-4046-BACF-33188BDAC8F3}.AppStore|x64.ActiveCfg = Release|x64
		{E9712888-327E-4046-BACF-33188BDAC8F3}.AppStore|x64.Build.0 = Release|x64
		{E9712888-327E-4046-BACF-33188BDAC8F3}.AppStore|x64.Deploy.0 = Release|x64
		{E9712888-327E-4046-BACF-33188BDAC8F3}.AppStore|x86.ActiveCfg = Release|x86
		{E9712888-327E-4046-BACF-33188BDAC8F3}.AppStore|x86.Build.0 = Release|x86
		{E9712888-327E-4046-BACF-33188BDAC8F3}.AppStore|x86.Deploy.0 = Release|x86
		{E9712888-327E-4046-BACF-33188BDAC8F3}.Debug|Any CPU.ActiveCfg = Debug|x86
		{E9712888-327E-4046-BACF-33188BDAC8F3}.Debug|Any CPU.Build.0 = Debug|x86
		{E9712888-327E-4046-BACF-33188BDAC8F3}.Debug|Any CPU.Deploy.0 = Debug|x86
		{E9712888-327E-4046-BACF-33188BDAC8F3}.Debug|ARM.ActiveCfg = Debug|ARM
		{E9712888-327E-4046-BACF-33188BDAC8F3}.Debug|ARM.Build.0 = Debug|ARM
		{E9712888-327E-4046-BACF-33188BDAC8F3}.Debug|ARM.Deploy.0 = Debug|ARM
		{E9712888-327E-4046-BACF-33188BDAC8F3}.Debug|iPhone.ActiveCfg = Debug|x86
		{E9712888-327E-4046-BACF-33188BDAC8F3}.Debug|iPhone.Build.0 = Debug|x86
		{E9712888-327E-4046-BACF-33188BDAC8F3}.Debug|iPhone.Deploy.0 = Debug|x86
		{E9712888-327E-4046-BACF-33188BDAC8F3}.Debug|iPhoneSimulator.ActiveCfg = Debug|x86
		{E9712888-327E-4046-BACF-33188BDAC8F3}.Debug|iPhoneSimulator.Build.0 = Debug|x86
		{E9712888-327E-4046-BACF-33188BDAC8F3}.Debug|iPhoneSimulator.Deploy.0 = Debug|x86
		{E9712888-327E-4046-BACF-33188BDAC8F3}.Debug|x64.ActiveCfg = Debug|x64
		{E9712888-327E-4046-BACF-33188BDAC8F3}.Debug|x64.Build.0 = Debug|x64
		{E9712888-327E-4046-BACF-33188BDAC8F3}.Debug|x64.Deploy.0 = Debug|x64
		{E9712888-327E-4046-BACF-33188BDAC8F3}.Debug|x86.ActiveCfg = Debug|x86
		{E9712888-327E-4046-BACF-33188BDAC8F3}.Debug|x86.Build.0 = Debug|x86
		{E9712888-327E-4046-BACF-33188BDAC8F3}.Debug|x86.Deploy.0 = Debug|x86
		{E9712888-327E-4046-BACF-33188BDAC8F3}.Release|Any CPU.ActiveCfg = Release|x86
		{E9712888-327E-4046-BACF-33188BDAC8F3}.Release|Any CPU.Build.0 = Release|x86
		{E9712888-327E-4046-BACF-33188BDAC8F3}.Release|Any CPU.Deploy.0 = Release|x86
		{E9712888-327E-4046-BACF-33188BDAC8F3}.Release|ARM.ActiveCfg = Release|ARM
		{E9712888-327E-4046-BACF-33188BDAC8F3}.Release|ARM.Build.0 = Release|ARM
		{E9712888-327E-4046-BACF-33188BDAC8F3}.Release|ARM.Deploy.0 = Release|ARM
		{E9712888-327E-4046-BACF-33188BDAC8F3}.Release|iPhone.ActiveCfg = Release|x86
		{E9712888-327E-4046-BACF-33188BDAC8F3}.Release|iPhone.Build.0 = Release|x86
		{E9712888-327E-4046-BACF-33188BDAC8F3}.Release|iPhone.Deploy.0 = Release|x86
		{E9712888-327E-4046-BACF-33188BDAC8F3}.Release|iPhoneSimulator.ActiveCfg = Release|x86
		{E9712888-327E-4046-BACF-33188BDAC8F3}.Release|iPhoneSimulator.Build.0 = Release|x86
		{E9712888-327E-4046-BACF-33188BDAC8F3}.Release|iPhoneSimulator.Deploy.0 = Release|x86
		{E9712888-327E-4046-BACF-33188BDAC8F3}.Release|x64.ActiveCfg = Release|x64
		{E9712888-327E-4046-BACF-33188BDAC8F3}.Release|x64.Build.0 = Release|x64
		{E9712888-327E-4046-BACF-33188BDAC8F3}.Release|x64.Deploy.0 = Release|x64
		{E9712888-327E-4046-BACF-33188BDAC8F3}.Release|x86.ActiveCfg = Release|x86
		{E9712888-327E-4046-BACF-33188BDAC8F3}.Release|x86.Build.0 = Release|x86
		{E9712888-327E-4046-BACF-33188BDAC8F3}.Release|x86.Deploy.0 = Release|x86
		{C9E17C30-FA81-422B-8B98-80C46843ECB2}.Ad-Hoc|Any CPU.ActiveCfg = Debug|Any CPU
		{C9E17C30-FA81-422B-8B98-80C46843ECB2}.Ad-Hoc|Any CPU.Build.0 = Debug|Any CPU
		{C9E17C30-FA81-422B-8B98-80C46843ECB2}.Ad-Hoc|Any CPU.Deploy.0 = Debug|Any CPU
		{C9E17C30-FA81-422B-8B98-80C46843ECB2}.Ad-Hoc|ARM.ActiveCfg = Debug|Any CPU
		{C9E17C30-FA81-422B-8B98-80C46843ECB2}.Ad-Hoc|ARM.Build.0 = Debug|Any CPU
		{C9E17C30-FA81-422B-8B98-80C46843ECB2}.Ad-Hoc|ARM.Deploy.0 = Debug|Any CPU
		{C9E17C30-FA81-422B-8B98-80C46843ECB2}.Ad-Hoc|iPhone.ActiveCfg = Debug|Any CPU
		{C9E17C30-FA81-422B-8B98-80C46843ECB2}.Ad-Hoc|iPhone.Build.0 = Debug|Any CPU
		{C9E17C30-FA81-422B-8B98-80C46843ECB2}.Ad-Hoc|iPhone.Deploy.0 = Debug|Any CPU
		{C9E17C30-FA81-422B-8B98-80C46843ECB2}.Ad-Hoc|iPhoneSimulator.ActiveCfg = Debug|Any CPU
		{C9E17C30-FA81-422B-8B98-80C46843ECB2}.Ad-Hoc|iPhoneSimulator.Build.0 = Debug|Any CPU
		{C9E17C30-FA81-422B-8B98-80C46843ECB2}.Ad-Hoc|iPhoneSimulator.Deploy.0 = Debug|Any CPU
		{C9E17C30-FA81-422B-8B98-80C46843ECB2}.Ad-Hoc|x64.ActiveCfg = Debug|Any CPU
		{C9E17C30-FA81-422B-8B98-80C46843ECB2}.Ad-Hoc|x64.Build.0 = Debug|Any CPU
		{C9E17C30-FA81-422B-8B98-80C46843ECB2}.Ad-Hoc|x64.Deploy.0 = Debug|Any CPU
		{C9E17C30-FA81-422B-8B98-80C46843ECB2}.Ad-Hoc|x86.ActiveCfg = Debug|Any CPU
		{C9E17C30-FA81-422B-8B98-80C46843ECB2}.Ad-Hoc|x86.Build.0 = Debug|Any CPU
		{C9E17C30-FA81-422B-8B98-80C46843ECB2}.Ad-Hoc|x86.Deploy.0 = Debug|Any CPU
		{C9E17C30-FA81-422B-8B98-80C46843ECB2}.AppStore|Any CPU.ActiveCfg = Debug|Any CPU
		{C9E17C30-FA81-422B-8B98-80C46843ECB2}.AppStore|Any CPU.Build.0 = Debug|Any CPU
		{C9E17C30-FA81-422B-8B98-80C46843ECB2}.AppStore|Any CPU.Deploy.0 = Debug|Any CPU
		{C9E17C30-FA81-422B-8B98-80C46843ECB2}.AppStore|ARM.ActiveCfg = Debug|Any CPU
		{C9E17C30-FA81-422B-8B98-80C46843ECB2}.AppStore|ARM.Build.0 = Debug|Any CPU
		{C9E17C30-FA81-422B-8B98-80C46843ECB2}.AppStore|ARM.Deploy.0 = Debug|Any CPU
		{C9E17C30-FA81-422B-8B98-80C46843ECB2}.AppStore|iPhone.ActiveCfg = Debug|Any CPU
		{C9E17C30-FA81-422B-8B98-80C46843ECB2}.AppStore|iPhone.Build.0 = Debug|Any CPU
		{C9E17C30-FA81-422B-8B98-80C46843ECB2}.AppStore|iPhone.Deploy.0 = Debug|Any CPU
		{C9E17C30-FA81-422B-8B98-80C46843ECB2}.AppStore|iPhoneSimulator.ActiveCfg = Debug|Any CPU
		{C9E17C30-FA81-422B-8B98-80C46843ECB2}.AppStore|iPhoneSimulator.Build.0 = Debug|Any CPU
		{C9E17C30-FA81-422B-8B98-80C46843ECB2}.AppStore|iPhoneSimulator.Deploy.0 = Debug|Any CPU
		{C9E17C30-FA81-422B-8B98-80C46843ECB2}.AppStore|x64.ActiveCfg = Debug|Any CPU
		{C9E17C30-FA81-422B-8B98-80C46843ECB2}.AppStore|x64.Build.0 = Debug|Any CPU
		{C9E17C30-FA81-422B-8B98-80C46843ECB2}.AppStore|x64.Deploy.0 = Debug|Any CPU
		{C9E17C30-FA81-422B-8B98-80C46843ECB2}.AppStore|x86.ActiveCfg = Debug|Any CPU
		{C9E17C30-FA81-422B-8B98-80C46843ECB2}.AppStore|x86.Build.0 = Debug|Any CPU
		{C9E17C30-FA81-422B-8B98-80C46843ECB2}.AppStore|x86.Deploy.0 = Debug|Any CPU
		{C9E17C30-FA81-422B-8B98-80C46843ECB2}.Debug|Any CPU.ActiveCfg = Debug|Any CPU
		{C9E17C30-FA81-422B-8B98-80C46843ECB2}.Debug|Any CPU.Build.0 = Debug|Any CPU
		{C9E17C30-FA81-422B-8B98-80C46843ECB2}.Debug|Any CPU.Deploy.0 = Debug|Any CPU
		{C9E17C30-FA81-422B-8B98-80C46843ECB2}.Debug|ARM.ActiveCfg = Debug|Any CPU
		{C9E17C30-FA81-422B-8B98-80C46843ECB2}.Debug|ARM.Build.0 = Debug|Any CPU
		{C9E17C30-FA81-422B-8B98-80C46843ECB2}.Debug|ARM.Deploy.0 = Debug|Any CPU
		{C9E17C30-FA81-422B-8B98-80C46843ECB2}.Debug|iPhone.ActiveCfg = Debug|Any CPU
		{C9E17C30-FA81-422B-8B98-80C46843ECB2}.Debug|iPhone.Build.0 = Debug|Any CPU
		{C9E17C30-FA81-422B-8B98-80C46843ECB2}.Debug|iPhone.Deploy.0 = Debug|Any CPU
		{C9E17C30-FA81-422B-8B98-80C46843ECB2}.Debug|iPhoneSimulator.ActiveCfg = Debug|Any CPU
		{C9E17C30-FA81-422B-8B98-80C46843ECB2}.Debug|iPhoneSimulator.Build.0 = Debug|Any CPU
		{C9E17C30-FA81-422B-8B98-80C46843ECB2}.Debug|iPhoneSimulator.Deploy.0 = Debug|Any CPU
		{C9E17C30-FA81-422B-8B98-80C46843ECB2}.Debug|x64.ActiveCfg = Debug|Any CPU
		{C9E17C30-FA81-422B-8B98-80C46843ECB2}.Debug|x64.Build.0 = Debug|Any CPU
		{C9E17C30-FA81-422B-8B98-80C46843ECB2}.Debug|x64.Deploy.0 = Debug|Any CPU
		{C9E17C30-FA81-422B-8B98-80C46843ECB2}.Debug|x86.ActiveCfg = Debug|Any CPU
		{C9E17C30-FA81-422B-8B98-80C46843ECB2}.Debug|x86.Build.0 = Debug|Any CPU
		{C9E17C30-FA81-422B-8B98-80C46843ECB2}.Debug|x86.Deploy.0 = Debug|Any CPU
		{C9E17C30-FA81-422B-8B98-80C46843ECB2}.Release|Any CPU.ActiveCfg = Release|Any CPU
		{C9E17C30-FA81-422B-8B98-80C46843ECB2}.Release|Any CPU.Build.0 = Release|Any CPU
		{C9E17C30-FA81-422B-8B98-80C46843ECB2}.Release|Any CPU.Deploy.0 = Release|Any CPU
		{C9E17C30-FA81-422B-8B98-80C46843ECB2}.Release|ARM.ActiveCfg = Release|Any CPU
		{C9E17C30-FA81-422B-8B98-80C46843ECB2}.Release|ARM.Build.0 = Release|Any CPU
		{C9E17C30-FA81-422B-8B98-80C46843ECB2}.Release|ARM.Deploy.0 = Release|Any CPU
		{C9E17C30-FA81-422B-8B98-80C46843ECB2}.Release|iPhone.ActiveCfg = Release|Any CPU
		{C9E17C30-FA81-422B-8B98-80C46843ECB2}.Release|iPhone.Build.0 = Release|Any CPU
		{C9E17C30-FA81-422B-8B98-80C46843ECB2}.Release|iPhone.Deploy.0 = Release|Any CPU
		{C9E17C30-FA81-422B-8B98-80C46843ECB2}.Release|iPhoneSimulator.ActiveCfg = Release|Any CPU
		{C9E17C30-FA81-422B-8B98-80C46843ECB2}.Release|iPhoneSimulator.Build.0 = Release|Any CPU
		{C9E17C30-FA81-422B-8B98-80C46843ECB2}.Release|iPhoneSimulator.Deploy.0 = Release|Any CPU
		{C9E17C30-FA81-422B-8B98-80C46843ECB2}.Release|x64.ActiveCfg = Release|Any CPU
		{C9E17C30-FA81-422B-8B98-80C46843ECB2}.Release|x64.Build.0 = Release|Any CPU
		{C9E17C30-FA81-422B-8B98-80C46843ECB2}.Release|x64.Deploy.0 = Release|Any CPU
		{C9E17C30-FA81-422B-8B98-80C46843ECB2}.Release|x86.ActiveCfg = Release|Any CPU
		{C9E17C30-FA81-422B-8B98-80C46843ECB2}.Release|x86.Build.0 = Release|Any CPU
		{C9E17C30-FA81-422B-8B98-80C46843ECB2}.Release|x86.Deploy.0 = Release|Any CPU
	EndGlobalSection
	GlobalSection(SolutionProperties) = preSolution
		HideSolutionNode = FALSE
	EndGlobalSection
	GlobalSection(ExtensibilityGlobals) = postSolution
		SolutionGuid = {CB9642E8-5804-4690-966F-F375B0F309B6}
	EndGlobalSection
EndGlobal
